
Microsoft Visual Studio Solution File, Format Version 12.00
# Visual Studio 15
VisualStudioVersion = 15.0.28307.1022
MinimumVisualStudioVersion = 10.0.40219.1
Project("{FAE04EC0-301F-11D3-BF4B-00C04F79EFBC}") = "DAN_XXXVII_Milica_Karetic", "DAN_XXXVII_Milica_Karetic\DAN_XXXVII_Milica_Karetic.csproj", "{A52046C3-1A87-483E-8133-4815C8EB206C}"
EndProject
Global
	GlobalSection(SolutionConfigurationPlatforms) = preSolution
		Debug|Any CPU = Debug|Any CPU
		Release|Any CPU = Release|Any CPU
	EndGlobalSection
	GlobalSection(ProjectConfigurationPlatforms) = postSolution
		{A52046C3-1A87-483E-8133-4815C8EB206C}.Debug|Any CPU.ActiveCfg = Debug|Any CPU
		{A52046C3-1A87-483E-8133-4815C8EB206C}.Debug|Any CPU.Build.0 = Debug|Any CPU
		{A52046C3-1A87-483E-8133-4815C8EB206C}.Release|Any CPU.ActiveCfg = Release|Any CPU
		{A52046C3-1A87-483E-8133-4815C8EB206C}.Release|Any CPU.Build.0 = Release|Any CPU
	EndGlobalSection
	GlobalSection(SolutionProperties) = preSolution
		HideSolutionNode = FALSE
	EndGlobalSection
	GlobalSection(ExtensibilityGlobals) = postSolution
		SolutionGuid = {17B3BD2B-CEEA-40D4-9BA7-9EAE618B1BCC}
	EndGlobalSection
EndGlobal
